github.com/sashabaranov/go-openai v1.5.1 h1:w9pO7L0X4CLuyH3NZ0WXBBU1wvPeA2JEcxMdlPosInY=
github.com/sashabaranov/go-openai v1.5.1/go.mod h1:lj5b/K+zjTSFxVLijLSTDZuP7adOgerWeFyZLUhAKRg=
github.com/sashabaranov/go-openai v1.9.1 h1:3N52HkJKo9Zlo/oe1AVv5ZkCOny0ra58/ACvAxkN3MM=
github.com/sashabaranov/go-openai v1.9.1/go.mod h1:lj5b/K+zjTSFxVLijLSTDZuP7adOgerWeFyZLUhAKRg=
golang.org/x/text v0.8.0 h1:57P1ETyNKtuIjB4SRd15iJxuhj8Gc416Y78H3qgMh68=
golang.org/x/text v0.8.0/go.mod h1:e1OnstbJyHTd6l/uOt8jFFHp6TRDWZR/bV3emEE/zU8=
golang.org/x/text v0.9.0 h1:2sjJmO8cDvYveuX97RDLsxlyUxLl+GHoLxBiRdHllBE=
golang.org/x/text v0.9.0/go.mod h1:e1OnstbJyHTd6l/uOt8jFFHp6TRDWZR/bV3emEE/zU8=
